{
  "name": "anton",
  "version": "1.0.0",
  "lockfileVersion": 1,
  "requires": true,
  "dependencies": {
    "cac": {
      "version": "6.6.1",
      "resolved": "https://registry.npmjs.org/cac/-/cac-6.6.1.tgz",
      "integrity": "sha512-uhki4T3Ax68hw7Dufi0bATVAF8ayBSwOKUEJHjObPrUN4tlQ8Lf7oljpTje/mArLxYN0D743c2zJt4C1bVTCqg=="
    },
    "ua-parser-js": {
      "version": "0.7.21",
      "resolved": "https://registry.npmjs.org/ua-parser-js/-/ua-parser-js-0.7.21.tgz",
      "integrity": "sha512-+O8/qh/Qj8CgC6eYBVBykMrNtp5Gebn4dlGD/kKXVkJNDwyrAwSIqwz8CDf+tsAIWVycKcku6gIXJ0qwx/ZXaQ=="
    }
  }
}
